
Microsoft Visual Studio Solution File, Format Version 12.00
# Visual Studio Version 16
VisualStudioVersion = 16.0.30621.155
MinimumVisualStudioVersion = 10.0.40219.1
Project("{FAE04EC0-301F-11D3-BF4B-00C04F79EFBC}") = "If_Statement", "If_Statement\If_Statement.csproj", "{F6FB8B56-9B58-4CF1-B375-E0B076A7CD67}"
EndProject
Global
	GlobalSection(SolutionConfigurationPlatforms) = preSolution
		Debug|Any CPU = Debug|Any CPU
		Release|Any CPU = Release|Any CPU
	EndGlobalSection
	GlobalSection(ProjectConfigurationPlatforms) = postSolution
		{F6FB8B56-9B58-4CF1-B375-E0B076A7CD67}.Debug|Any CPU.ActiveCfg = Debug|Any CPU
		{F6FB8B56-9B58-4CF1-B375-E0B076A7CD67}.Debug|Any CPU.Build.0 = Debug|Any CPU
		{F6FB8B56-9B58-4CF1-B375-E0B076A7CD67}.Release|Any CPU.ActiveCfg = Release|Any CPU
		{F6FB8B56-9B58-4CF1-B375-E0B076A7CD67}.Release|Any CPU.Build.0 = Release|Any CPU
	EndGlobalSection
	GlobalSection(SolutionProperties) = preSolution
		HideSolutionNode = FALSE
	EndGlobalSection
	GlobalSection(ExtensibilityGlobals) = postSolution
		SolutionGuid = {AAC868AD-85CE-4EAB-852B-6735819F5037}
	EndGlobalSection
EndGlobal
